// !$*UTF8*$!
{
	archiveVersion = 1;
	classes = {
	};
	objectVersion = 48;
	objects = {

/* Begin PBXBuildFile section */
		4B39D0891F8DFBBB00D02B21 /* Home.storyboard in Resources */ = {isa = PBXBuildFile; fileRef = 4B39D0871F8DFBBB00D02B21 /* Home.storyboard */; };
		4B39D08C1F8DFC0900D02B21 /* Live.storyboard in Resources */ = {isa = PBXBuildFile; fileRef = 4B39D08A1F8DFC0900D02B21 /* Live.storyboard */; };
		4B39D08F1F8DFC2C00D02B21 /* Focous.storyboard in Resources */ = {isa = PBXBuildFile; fileRef = 4B39D08D1F8DFC2C00D02B21 /* Focous.storyboard */; };
		4B39D0921F8DFC5100D02B21 /* Profile.storyboard in Resources */ = {isa = PBXBuildFile; fileRef = 4B39D0901F8DFC5100D02B21 /* Profile.storyboard */; };
		4B39D0941F8DFD3F00D02B21 /* MainViewController.swift in Sources */ = {isa = PBXBuildFile; fileRef = 4B39D0931F8DFD3F00D02B21 /* MainViewController.swift */; };
		4B39D0961F8E04DB00D02B21 /* HomeViewController.swift in Sources */ = {isa = PBXBuildFile; fileRef = 4B39D0951F8E04DB00D02B21 /* HomeViewController.swift */; };
		4B39D0991F8E117600D02B21 /* UIBarButton-Extension.swift in Sources */ = {isa = PBXBuildFile; fileRef = 4B39D0981F8E117600D02B21 /* UIBarButton-Extension.swift */; };
		4B39D09B1F8E1CD900D02B21 /* PageTitleView.swift in Sources */ = {isa = PBXBuildFile; fileRef = 4B39D09A1F8E1CD900D02B21 /* PageTitleView.swift */; };
		4B39D09D1F8E41DD00D02B21 /* Common.swift in Sources */ = {isa = PBXBuildFile; fileRef = 4B39D09C1F8E41DD00D02B21 /* Common.swift */; };
		4BA780E31F8DCE81006BEA00 /* AppDelegate.swift in Sources */ = {isa = PBXBuildFile; fileRef = 4BA780E21F8DCE81006BEA00 /* AppDelegate.swift */; };
		4BA780E81F8DCE81006BEA00 /* Main.storyboard in Resources */ = {isa = PBXBuildFile; fileRef = 4BA780E61F8DCE81006BEA00 /* Main.storyboard */; };
		4BA780EA1F8DCE81006BEA00 /* Assets.xcassets in Resources */ = {isa = PBXBuildFile; fileRef = 4BA780E91F8DCE81006BEA00 /* Assets.xcassets */; };
		4BA780ED1F8DCE81006BEA00 /* LaunchScreen.storyboard in Resources */ = {isa = PBXBuildFile; fileRef = 4BA780EB1F8DCE81006BEA00 /* LaunchScreen.storyboard */; };
/* End PBXBuildFile section */

/* Begin PBXFileReference section */
		4B39D0881F8DFBBB00D02B21 /* Base */ = {isa = PBXFileReference; lastKnownFileType = file.storyboard; name = Base; path = DYZB/Main/Base.lproj/Home.storyboard; sourceTree = "<group>"; };
		4B39D08B1F8DFC0900D02B21 /* Base */ = {isa = PBXFileReference; lastKnownFileType = file.storyboard; name = Base; path = DYZB/Main/Base.lproj/Live.storyboard; sourceTree = "<group>"; };
		4B39D08E1F8DFC2C00D02B21 /* Base */ = {isa = PBXFileReference; lastKnownFileType = file.storyboard; name = Base; path = DYZB/Main/Base.lproj/Focous.storyboard; sourceTree = "<group>"; };
		4B39D0911F8DFC5100D02B21 /* Base */ = {isa = PBXFileReference; lastKnownFileType = file.storyboard; name = Base; path = DYZB/Main/Base.lproj/Profile.storyboard; sourceTree = "<group>"; };
		4B39D0931F8DFD3F00D02B21 /* MainViewController.swift */ = {isa = PBXFileReference; lastKnownFileType = sourcecode.swift; path = MainViewController.swift; sourceTree = "<group>"; };
		4B39D0951F8E04DB00D02B21 /* HomeViewController.swift */ = {isa = PBXFileReference; lastKnownFileType = sourcecode.swift; path = HomeViewController.swift; sourceTree = "<group>"; };
		4B39D0981F8E117600D02B21 /* UIBarButton-Extension.swift */ = {isa = PBXFileReference; lastKnownFileType = sourcecode.swift; path = "UIBarButton-Extension.swift"; sourceTree = "<group>"; };
		4B39D09A1F8E1CD900D02B21 /* PageTitleView.swift */ = {isa = PBXFileReference; lastKnownFileType = sourcecode.swift; path = PageTitleView.swift; sourceTree = "<group>"; };
		4B39D09C1F8E41DD00D02B21 /* Common.swift */ = {isa = PBXFileReference; lastKnownFileType = sourcecode.swift; path = Common.swift; sourceTree = "<group>"; };
		4BA780DF1F8DCE81006BEA00 /* DYZB.app */ = {isa = PBXFileReference; explicitFileType = wrapper.application; includeInIndex = 0; path = DYZB.app; sourceTree = BUILT_PRODUCTS_DIR; };
		4BA780E21F8DCE81006BEA00 /* AppDelegate.swift */ = {isa = PBXFileReference; lastKnownFileType = sourcecode.swift; path = AppDelegate.swift; sourceTree = "<group>"; };
		4BA780E71F8DCE81006BEA00 /* Base */ = {isa = PBXFileReference; lastKnownFileType = file.storyboard; name = Base; path = Base.lproj/Main.storyboard; sourceTree = "<group>"; };
		4BA780E91F8DCE81006BEA00 /* Assets.xcassets */ = {isa = PBXFileReference; lastKnownFileType = folder.assetcatalog; path = Assets.xcassets; sourceTree = "<group>"; };
		4BA780EC1F8DCE81006BEA00 /* Base */ = {isa = PBXFileReference; lastKnownFileType = file.storyboard; name = Base; path = Base.lproj/LaunchScreen.storyboard; sourceTree = "<group>"; };
		4BA780EE1F8DCE81006BEA00 /* Info.plist */ = {isa = PBXFileReference; lastKnownFileType = text.plist.xml; path = Info.plist; sourceTree = "<group>"; };
/* End PBXFileReference section */

/* Begin PBXFrameworksBuildPhase section */
		4BA780DC1F8DCE81006BEA00 /* Frameworks */ = {
			isa = PBXFrameworksBuildPhase;
			buildActionMask = 2147483647;
			files = (
			);
			runOnlyForDeploymentPostprocessing = 0;
		};
/* End PBXFrameworksBuildPhase section */

/* Begin PBXGroup section */
		4B39D0831F8DF9B800D02B21 /* Tools */ = {
			isa = PBXGroup;
			children = (
				4B39D0971F8E111800D02B21 /* Extension */,
				4B39D09C1F8E41DD00D02B21 /* Common.swift */,
			);
			path = Tools;
			sourceTree = "<group>";
		};
		4B39D0971F8E111800D02B21 /* Extension */ = {
			isa = PBXGroup;
			children = (
				4B39D0981F8E117600D02B21 /* UIBarButton-Extension.swift */,
			);
			path = Extension;
			sourceTree = "<group>";
		};
		4BA780D61F8DCE81006BEA00 = {
			isa = PBXGroup;
			children = (
				4BA780E11F8DCE81006BEA00 /* DYZB */,
				4BA780E01F8DCE81006BEA00 /* Products */,
			);
			sourceTree = "<group>";
		};
		4BA780E01F8DCE81006BEA00 /* Products */ = {
			isa = PBXGroup;
			children = (
				4BA780DF1F8DCE81006BEA00 /* DYZB.app */,
			);
			name = Products;
			sourceTree = "<group>";
		};
		4BA780E11F8DCE81006BEA00 /* DYZB */ = {
			isa = PBXGroup;
			children = (
				4BA780F41F8DF436006BEA00 /* Main */,
				4BA780F81F8DF44B006BEA00 /* Home */,
				4BA780FC1F8DF461006BEA00 /* Live */,
				4BA781001F8DF46E006BEA00 /* Focous */,
				4BA781041F8DF47A006BEA00 /* Profile */,
				4B39D0831F8DF9B800D02B21 /* Tools */,
				4BA780E21F8DCE81006BEA00 /* AppDelegate.swift */,
				4BA780E91F8DCE81006BEA00 /* Assets.xcassets */,
				4BA780EB1F8DCE81006BEA00 /* LaunchScreen.storyboard */,
				4BA780EE1F8DCE81006BEA00 /* Info.plist */,
			);
			path = DYZB;
			sourceTree = "<group>";
		};
		4BA780F41F8DF436006BEA00 /* Main */ = {
			isa = PBXGroup;
			children = (
				4BA780F61F8DF436006BEA00 /* Model */,
				4BA780F71F8DF436006BEA00 /* View */,
				4BA780F51F8DF436006BEA00 /* Controller */,
			);
			path = Main;
			sourceTree = "<group>";
		};
		4BA780F51F8DF436006BEA00 /* Controller */ = {
			isa = PBXGroup;
			children = (
				4BA780E61F8DCE81006BEA00 /* Main.storyboard */,
				4B39D0931F8DFD3F00D02B21 /* MainViewController.swift */,
			);
			path = Controller;
			sourceTree = "<group>";
		};
		4BA780F61F8DF436006BEA00 /* Model */ = {
			isa = PBXGroup;
			children = (
			);
			path = Model;
			sourceTree = "<group>";
		};
		4BA780F71F8DF436006BEA00 /* View */ = {
			isa = PBXGroup;
			children = (
				4B39D09A1F8E1CD900D02B21 /* PageTitleView.swift */,
			);
			path = View;
			sourceTree = "<group>";
		};
		4BA780F81F8DF44B006BEA00 /* Home */ = {
			isa = PBXGroup;
			children = (
				4BA7810A1F8DF693006BEA00 /* Model */,
				4BA781091F8DF693006BEA00 /* View */,
				4BA781081F8DF692006BEA00 /* Controller */,
			);
			name = Home;
			path = DYZB/Home;
			sourceTree = SOURCE_ROOT;
		};
		4BA780FC1F8DF461006BEA00 /* Live */ = {
			isa = PBXGroup;
			children = (
				4BA780FE1F8DF461006BEA00 /* Model */,
				4BA780FF1F8DF461006BEA00 /* View */,
				4BA780FD1F8DF461006BEA00 /* Controller */,
				4B39D08A1F8DFC0900D02B21 /* Live.storyboard */,
			);
			path = Live;
			sourceTree = "<group>";
		};
		4BA780FD1F8DF461006BEA00 /* Controller */ = {
			isa = PBXGroup;
			children = (
			);
			path = Controller;
			sourceTree = "<group>";
		};
		4BA780FE1F8DF461006BEA00 /* Model */ = {
			isa = PBXGroup;
			children = (
			);
			path = Model;
			sourceTree = "<group>";
		};
		4BA780FF1F8DF461006BEA00 /* View */ = {
			isa = PBXGroup;
			children = (
			);
			path = View;
			sourceTree = "<group>";
		};
		4BA781001F8DF46E006BEA00 /* Focous */ = {
			isa = PBXGroup;
			children = (
				4BA7810C1F8DF6C2006BEA00 /* Model */,
				4BA7810B1F8DF6C2006BEA00 /* View */,
				4BA7810D1F8DF6C2006BEA00 /* Controller */,
				4B39D08D1F8DFC2C00D02B21 /* Focous.storyboard */,
			);
			path = Focous;
			sourceTree = "<group>";
		};
		4BA781041F8DF47A006BEA00 /* Profile */ = {
			isa = PBXGroup;
			children = (
				4BA781061F8DF47A006BEA00 /* Model */,
				4BA781071F8DF47A006BEA00 /* View */,
				4BA781051F8DF47A006BEA00 /* Controller */,
				4B39D0901F8DFC5100D02B21 /* Profile.storyboard */,
			);
			path = Profile;
			sourceTree = "<group>";
		};
		4BA781051F8DF47A006BEA00 /* Controller */ = {
			isa = PBXGroup;
			children = (
			);
			path = Controller;
			sourceTree = "<group>";
		};
		4BA781061F8DF47A006BEA00 /* Model */ = {
			isa = PBXGroup;
			children = (
			);
			path = Model;
			sourceTree = "<group>";
		};
		4BA781071F8DF47A006BEA00 /* View */ = {
			isa = PBXGroup;
			children = (
			);
			path = View;
			sourceTree = "<group>";
		};
		4BA781081F8DF692006BEA00 /* Controller */ = {
			isa = PBXGroup;
			children = (
				4B39D0871F8DFBBB00D02B21 /* Home.storyboard */,
				4B39D0951F8E04DB00D02B21 /* HomeViewController.swift */,
			);
			path = Controller;
			sourceTree = "<group>";
		};
		4BA781091F8DF693006BEA00 /* View */ = {
			isa = PBXGroup;
			children = (
			);
			path = View;
			sourceTree = "<group>";
		};
		4BA7810A1F8DF693006BEA00 /* Model */ = {
			isa = PBXGroup;
			children = (
			);
			path = Model;
			sourceTree = "<group>";
		};
		4BA7810B1F8DF6C2006BEA00 /* View */ = {
			isa = PBXGroup;
			children = (
			);
			path = View;
			sourceTree = "<group>";
		};
		4BA7810C1F8DF6C2006BEA00 /* Model */ = {
			isa = PBXGroup;
			children = (
			);
			path = Model;
			sourceTree = "<group>";
		};
		4BA7810D1F8DF6C2006BEA00 /* Controller */ = {
			isa = PBXGroup;
			children = (
			);
			path = Controller;
			sourceTree = "<group>";
		};
/* End PBXGroup section */

/* Begin PBXNativeTarget section */
		4BA780DE1F8DCE81006BEA00 /* DYZB */ = {
			isa = PBXNativeTarget;
			buildConfigurationList = 4BA780F11F8DCE81006BEA00 /* Build configuration list for PBXNativeTarget "DYZB" */;
			buildPhases = (
				4BA780DB1F8DCE81006BEA00 /* Sources */,
				4BA780DC1F8DCE81006BEA00 /* Frameworks */,
				4BA780DD1F8DCE81006BEA00 /* Resources */,
			);
			buildRules = (
			);
			dependencies = (
			);
			name = DYZB;
			productName = DYZB;
			productReference = 4BA780DF1F8DCE81006BEA00 /* DYZB.app */;
			productType = "com.apple.product-type.application";
		};
/* End PBXNativeTarget section */

/* Begin PBXProject section */
		4BA780D71F8DCE81006BEA00 /* Project object */ = {
			isa = PBXProject;
			attributes = {
				LastSwiftUpdateCheck = 0900;
				LastUpgradeCheck = 0900;
				ORGANIZATIONNAME = kk;
				TargetAttributes = {
					4BA780DE1F8DCE81006BEA00 = {
						CreatedOnToolsVersion = 9.0;
						ProvisioningStyle = Automatic;
					};
				};
			};
			buildConfigurationList = 4BA780DA1F8DCE81006BEA00 /* Build configuration list for PBXProject "DYZB" */;
			compatibilityVersion = "Xcode 8.0";
			developmentRegion = en;
			hasScannedForEncodings = 0;
			knownRegions = (
				en,
				Base,
			);
			mainGroup = 4BA780D61F8DCE81006BEA00;
			productRefGroup = 4BA780E01F8DCE81006BEA00 /* Products */;
			projectDirPath = "";
			projectRoot = "";
			targets = (
				4BA780DE1F8DCE81006BEA00 /* DYZB */,
			);
		};
/* End PBXProject section */

/* Begin PBXResourcesBuildPhase section */
		4BA780DD1F8DCE81006BEA00 /* Resources */ = {
			isa = PBXResourcesBuildPhase;
			buildActionMask = 2147483647;
			files = (
				4BA780ED1F8DCE81006BEA00 /* LaunchScreen.storyboard in Resources */,
				4B39D08F1F8DFC2C00D02B21 /* Focous.storyboard in Resources */,
				4BA780EA1F8DCE81006BEA00 /* Assets.xcassets in Resources */,
				4BA780E81F8DCE81006BEA00 /* Main.storyboard in Resources */,
				4B39D08C1F8DFC0900D02B21 /* Live.storyboard in Resources */,
				4B39D0921F8DFC5100D02B21 /* Profile.storyboard in Resources */,
				4B39D0891F8DFBBB00D02B21 /* Home.storyboard in Resources */,
			);
			runOnlyForDeploymentPostprocessing = 0;
		};
/* End PBXResourcesBuildPhase section */

/* Begin PBXSourcesBuildPhase section */
		4BA780DB1F8DCE81006BEA00 /* Sources */ = {
			isa = PBXSourcesBuildPhase;
			buildActionMask = 2147483647;
			files = (
				4BA780E31F8DCE81006BEA00 /* AppDelegate.swift in Sources */,
				4B39D0941F8DFD3F00D02B21 /* MainViewController.swift in Sources */,
				4B39D09B1F8E1CD900D02B21 /* PageTitleView.swift in Sources */,
				4B39D0961F8E04DB00D02B21 /* HomeViewController.swift in Sources */,
				4B39D09D1F8E41DD00D02B21 /* Common.swift in Sources */,
				4B39D0991F8E117600D02B21 /* UIBarButton-Extension.swift in Sources */,
			);
			runOnlyForDeploymentPostprocessing = 0;
		};
/* End PBXSourcesBuildPhase section */

/* Begin PBXVariantGroup section */
		4B39D0871F8DFBBB00D02B21 /* Home.storyboard */ = {
			isa = PBXVariantGroup;
			children = (
				4B39D0881F8DFBBB00D02B21 /* Base */,
			);
			name = Home.storyboard;
			sourceTree = "<group>";
		};
		4B39D08A1F8DFC0900D02B21 /* Live.storyboard */ = {
			isa = PBXVariantGroup;
			children = (
				4B39D08B1F8DFC0900D02B21 /* Base */,
			);
			name = Live.storyboard;
			sourceTree = "<group>";
		};
		4B39D08D1F8DFC2C00D02B21 /* Focous.storyboard */ = {
			isa = PBXVariantGroup;
			children = (
				4B39D08E1F8DFC2C00D02B21 /* Base */,
			);
			name = Focous.storyboard;
			sourceTree = "<group>";
		};
		4B39D0901F8DFC5100D02B21 /* Profile.storyboard */ = {
			isa = PBXVariantGroup;
			children = (
				4B39D0911F8DFC5100D02B21 /* Base */,
			);
			name = Profile.storyboard;
			sourceTree = "<group>";
		};
		4BA780E61F8DCE81006BEA00 /* Main.storyboard */ = {
			isa = PBXVariantGroup;
			children = (
				4BA780E71F8DCE81006BEA00 /* Base */,
			);
			name = Main.storyboard;
			sourceTree = "<group>";
		};
		4BA780EB1F8DCE81006BEA00 /* LaunchScreen.storyboard */ = {
			isa = PBXVariantGroup;
			children = (
				4BA780EC1F8DCE81006BEA00 /* Base */,
			);
			name = LaunchScreen.storyboard;
			sourceTree = "<group>";
		};
/* End PBXVariantGroup section */

/* Begin XCBuildConfiguration section */
		4BA780EF1F8DCE81006BEA00 /* Debug */ = {
			isa = XCBuildConfiguration;
			buildSettings = {
				ALWAYS_SEARCH_USER_PATHS = NO;
				CLANG_ANALYZER_NONNULL = YES;
				CLANG_ANALYZER_NUMBER_OBJECT_CONVERSION = YES_AGGRESSIVE;
				CLANG_CXX_LANGUAGE_STANDARD = "gnu++14";
				CLANG_CXX_LIBRARY = "libc++";
				CLANG_ENABLE_MODULES = YES;
				CLANG_ENABLE_OBJC_ARC = YES;
				CLANG_WARN_BLOCK_CAPTURE_AUTORELEASING = YES;
				CLANG_WARN_BOOL_CONVERSION = YES;
				CLANG_WARN_COMMA = YES;
				CLANG_WARN_CONSTANT_CONVERSION = YES;
				CLANG_WARN_DIRECT_OBJC_ISA_USAGE = YES_ERROR;
				CLANG_WARN_DOCUMENTATION_COMMENTS = YES;
				CLANG_WARN_EMPTY_BODY = YES;
				CLANG_WARN_ENUM_CONVERSION = YES;
				CLANG_WARN_INFINITE_RECURSION = YES;
				CLANG_WARN_INT_CONVERSION = YES;
				CLANG_WARN_NON_LITERAL_NULL_CONVERSION = YES;
				CLANG_WARN_OBJC_LITERAL_CONVERSION = YES;
				CLANG_WARN_OBJC_ROOT_CLASS = YES_ERROR;
				CLANG_WARN_RANGE_LOOP_ANALYSIS = YES;
				CLANG_WARN_STRICT_PROTOTYPES = YES;
				CLANG_WARN_SUSPICIOUS_MOVE = YES;
				CLANG_WARN_UNGUARDED_AVAILABILITY = YES_AGGRESSIVE;
				CLANG_WARN_UNREACHABLE_CODE = YES;
				CLANG_WARN__DUPLICATE_METHOD_MATCH = YES;
				CODE_SIGN_IDENTITY = "iPhone Developer";
				COPY_PHASE_STRIP = NO;
				DEBUG_INFORMATION_FORMAT = dwarf;
				ENABLE_STRICT_OBJC_MSGSEND = YES;
				ENABLE_TESTABILITY = YES;
				GCC_C_LANGUAGE_STANDARD = gnu11;
				GCC_DYNAMIC_NO_PIC = NO;
				GCC_NO_COMMON_BLOCKS = YES;
				GCC_OPTIMIZATION_LEVEL = 0;
				GCC_PREPROCESSOR_DEFINITIONS = (
					"DEBUG=1",
					"$(inherited)",
				);
				GCC_WARN_64_TO_32_BIT_CONVERSION = YES;
				GCC_WARN_ABOUT_RETURN_TYPE = YES_ERROR;
				GCC_WARN_UNDECLARED_SELECTOR = YES;
				GCC_WARN_UNINITIALIZED_AUTOS = YES_AGGRESSIVE;
				GCC_WARN_UNUSED_FUNCTION = YES;
				GCC_WARN_UNUSED_VARIABLE = YES;
				IPHONEOS_DEPLOYMENT_TARGET = 11.0;
				MTL_ENABLE_DEBUG_INFO = YES;
				ONLY_ACTIVE_ARCH = YES;
				SDKROOT = iphoneos;
				SWIFT_ACTIVE_COMPILATION_CONDITIONS = DEBUG;
				SWIFT_OPTIMIZATION_LEVEL = "-Onone";
			};
			name = Debug;
		};
		4BA780F01F8DCE81006BEA00 /* Release */ = {
			isa = XCBuildConfiguration;
			buildSettings = {
				ALWAYS_SEARCH_USER_PATHS = NO;
				CLANG_ANALYZER_NONNULL = YES;
				CLANG_ANALYZER_NUMBER_OBJECT_CONVERSION = YES_AGGRESSIVE;
				CLANG_CXX_LANGUAGE_STANDARD = "gnu++14";
				CLANG_CXX_LIBRARY = "libc++";
				CLANG_ENABLE_MODULES = YES;
				CLANG_ENABLE_OBJC_ARC = YES;
				CLANG_WARN_BLOCK_CAPTURE_AUTORELEASING = YES;
				CLANG_WARN_BOOL_CONVERSION = YES;
				CLANG_WARN_COMMA = YES;
				CLANG_WARN_CONSTANT_CONVERSION = YES;
				CLANG_WARN_DIRECT_OBJC_ISA_USAGE = YES_ERROR;
				CLANG_WARN_DOCUMENTATION_COMMENTS = YES;
				CLANG_WARN_EMPTY_BODY = YES;
				CLANG_WARN_ENUM_CONVERSION = YES;
				CLANG_WARN_INFINITE_RECURSION = YES;
				CLANG_WARN_INT_CONVERSION = YES;
				CLANG_WARN_NON_LITERAL_NULL_CONVERSION = YES;
				CLANG_WARN_OBJC_LITERAL_CONVERSION = YES;
				CLANG_WARN_OBJC_ROOT_CLASS = YES_ERROR;
				CLANG_WARN_RANGE_LOOP_ANALYSIS = YES;
				CLANG_WARN_STRICT_PROTOTYPES = YES;
				CLANG_WARN_SUSPICIOUS_MOVE = YES;
				CLANG_WARN_UNGUARDED_AVAILABILITY = YES_AGGRESSIVE;
				CLANG_WARN_UNREACHABLE_CODE = YES;
				CLANG_WARN__DUPLICATE_METHOD_MATCH = YES;
				CODE_SIGN_IDENTITY = "iPhone Developer";
				COPY_PHASE_STRIP = NO;
				DEBUG_INFORMATION_FORMAT = "dwarf-with-dsym";
				ENABLE_NS_ASSERTIONS = NO;
				ENABLE_STRICT_OBJC_MSGSEND = YES;
				GCC_C_LANGUAGE_STANDARD = gnu11;
				GCC_NO_COMMON_BLOCKS = YES;
				GCC_WARN_64_TO_32_BIT_CONVERSION = YES;
				GCC_WARN_ABOUT_RETURN_TYPE = YES_ERROR;
				GCC_WARN_UNDECLARED_SELECTOR = YES;
				GCC_WARN_UNINITIALIZED_AUTOS = YES_AGGRESSIVE;
				GCC_WARN_UNUSED_FUNCTION = YES;
				GCC_WARN_UNUSED_VARIABLE = YES;
				IPHONEOS_DEPLOYMENT_TARGET = 11.0;
				MTL_ENABLE_DEBUG_INFO = NO;
				SDKROOT = iphoneos;
				SWIFT_OPTIMIZATION_LEVEL = "-Owholemodule";
				VALIDATE_PRODUCT = YES;
			};
			name = Release;
		};
		4BA780F21F8DCE81006BEA00 /* Debug */ = {
			isa = XCBuildConfiguration;
			buildSettings = {
				ASSETCATALOG_COMPILER_APPICON_NAME = AppIcon;
				ASSETCATALOG_COMPILER_LAUNCHIMAGE_NAME = LaunchImage;
				CODE_SIGN_STYLE = Automatic;
				INFOPLIST_FILE = DYZB/Info.plist;
				IPHONEOS_DEPLOYMENT_TARGET = 8.0;
				LD_RUNPATH_SEARCH_PATHS = "$(inherited) @executable_path/Frameworks";
				PRODUCT_BUNDLE_IDENTIFIER = com.kk.DYZB;
				PRODUCT_NAME = "$(TARGET_NAME)";
				SWIFT_VERSION = 4.0;
				TARGETED_DEVICE_FAMILY = "1,2";
			};
			name = Debug;
		};
		4BA780F31F8DCE81006BEA00 /* Release */ = {
			isa = XCBuildConfiguration;
			buildSettings = {
				ASSETCATALOG_COMPILER_APPICON_NAME = AppIcon;
				ASSETCATALOG_COMPILER_LAUNCHIMAGE_NAME = LaunchImage;
				CODE_SIGN_STYLE = Automatic;
				INFOPLIST_FILE = DYZB/Info.plist;
				IPHONEOS_DEPLOYMENT_TARGET = 8.0;
				LD_RUNPATH_SEARCH_PATHS = "$(inherited) @executable_path/Frameworks";
				PRODUCT_BUNDLE_IDENTIFIER = com.kk.DYZB;
				PRODUCT_NAME = "$(TARGET_NAME)";
				SWIFT_VERSION = 4.0;
				TARGETED_DEVICE_FAMILY = "1,2";
			};
			name = Release;
		};
/* End XCBuildConfiguration section */

/* Begin XCConfigurationList section */
		4BA780DA1F8DCE81006BEA00 /* Build configuration list for PBXProject "DYZB" */ = {
			isa = XCConfigurationList;
			buildConfigurations = (
				4BA780EF1F8DCE81006BEA00 /* Debug */,
				4BA780F01F8DCE81006BEA00 /* Release */,
			);
			defaultConfigurationIsVisible = 0;
			defaultConfigurationName = Release;
		};
		4BA780F11F8DCE81006BEA00 /* Build configuration list for PBXNativeTarget "DYZB" */ = {
			isa = XCConfigurationList;
			buildConfigurations = (
				4BA780F21F8DCE81006BEA00 /* Debug */,
				4BA780F31F8DCE81006BEA00 /* Release */,
			);
			defaultConfigurationIsVisible = 0;
			defaultConfigurationName = Release;
		};
/* End XCConfigurationList section */
	};
	rootObject = 4BA780D71F8DCE81006BEA00 /* Project object */;
}
